
Microsoft Visual Studio Solution File, Format Version 12.00
# Visual Studio Version 17
VisualStudioVersion = 17.14.36717.8
MinimumVisualStudioVersion = 10.0.40219.1
Project("{FAE04EC0-301F-11D3-BF4B-00C04F79EFBC}") = "bankApi", "bankApi.csproj", "{4F223607-8758-448D-904F-DA7D23CEDAF7}"
EndProject
Global
	GlobalSection(SolutionConfigurationPlatforms) = preSolution
		Debug|Any CPU = Debug|Any CPU
		Release|Any CPU = Release|Any CPU
	EndGlobalSection
	GlobalSection(ProjectConfigurationPlatforms) = postSolution
		{4F223607-8758-448D-904F-DA7D23CEDAF7}.Debug|Any CPU.ActiveCfg = Debug|Any CPU
		{4F223607-8758-448D-904F-DA7D23CEDAF7}.Debug|Any CPU.Build.0 = Debug|Any CPU
		{4F223607-8758-448D-904F-DA7D23CEDAF7}.Release|Any CPU.ActiveCfg = Release|Any CPU
		{4F223607-8758-448D-904F-DA7D23CEDAF7}.Release|Any CPU.Build.0 = Release|Any CPU
	EndGlobalSection
	GlobalSection(SolutionProperties) = preSolution
		HideSolutionNode = FALSE
	EndGlobalSection
	GlobalSection(ExtensibilityGlobals) = postSolution
		SolutionGuid = {B5677F85-D4A7-4291-9D45-9186C85DD89E}
	EndGlobalSection
EndGlobal
